
Microsoft Visual Studio Solution File, Format Version 12.00
# Visual Studio Version 17
VisualStudioVersion = 17.14.36518.9
MinimumVisualStudioVersion = 10.0.40219.1
Project("{FAE04EC0-301F-11D3-BF4B-00C04F79EFBC}") = "AmaanParkingSystem", "AmaanParkingSystem\AmaanParkingSystem.csproj", "{49548CFF-D109-4A06-8919-89F7D08F8A10}"
EndProject
Global
	GlobalSection(SolutionConfigurationPlatforms) = preSolution
		Debug|Any CPU = Debug|Any CPU
		Release|Any CPU = Release|Any CPU
	EndGlobalSection
	GlobalSection(ProjectConfigurationPlatforms) = postSolution
		{49548CFF-D109-4A06-8919-89F7D08F8A10}.Debug|Any CPU.ActiveCfg = Debug|Any CPU
		{49548CFF-D109-4A06-8919-89F7D08F8A10}.Debug|Any CPU.Build.0 = Debug|Any CPU
		{49548CFF-D109-4A06-8919-89F7D08F8A10}.Release|Any CPU.ActiveCfg = Release|Any CPU
		{49548CFF-D109-4A06-8919-89F7D08F8A10}.Release|Any CPU.Build.0 = Release|Any CPU
	EndGlobalSection
	GlobalSection(SolutionProperties) = preSolution
		HideSolutionNode = FALSE
	EndGlobalSection
	GlobalSection(ExtensibilityGlobals) = postSolution
		SolutionGuid = {95702812-F9AC-4012-9FC8-1E5B7F74B885}
	EndGlobalSection
EndGlobal
